// !$*UTF8*$!
{
	archiveVersion = 1;
	classes = {
	};
	objectVersion = 46;
	objects = {

/* Begin PBXBuildFile section */
		34B4FDE7924705282FBC4D8F /* libPods-BearTracksIOS.a in Frameworks */ = {isa = PBXBuildFile; fileRef = C85E844BE8EAF257CEC59969 /* libPods-BearTracksIOS.a */; };
		A50DB49E1C2C676C00CA4C47 /* RoleDetailViewController.swift in Sources */ = {isa = PBXBuildFile; fileRef = A50DB49D1C2C676C00CA4C47 /* RoleDetailViewController.swift */; };
		A50DB4A01C2C85C600CA4C47 /* AccountabilityTableViewController.swift in Sources */ = {isa = PBXBuildFile; fileRef = A50DB49F1C2C85C600CA4C47 /* AccountabilityTableViewController.swift */; };
		A50DB4A21C2C8CA200CA4C47 /* BasicTableViewCell.swift in Sources */ = {isa = PBXBuildFile; fileRef = A50DB4A11C2C8CA200CA4C47 /* BasicTableViewCell.swift */; };
		A50DB4AC1C2CBA5F00CA4C47 /* AuthorityTableViewCell.swift in Sources */ = {isa = PBXBuildFile; fileRef = A50DB4AB1C2CBA5F00CA4C47 /* AuthorityTableViewCell.swift */; };
		A50DB4B01C2CBACE00CA4C47 /* AuthorityTableViewController.swift in Sources */ = {isa = PBXBuildFile; fileRef = A50DB4AF1C2CBACE00CA4C47 /* AuthorityTableViewController.swift */; };
		A50DB4B21C2CC49E00CA4C47 /* AttachmentsTableViewController.swift in Sources */ = {isa = PBXBuildFile; fileRef = A50DB4B11C2CC49E00CA4C47 /* AttachmentsTableViewController.swift */; };
		A50DB4B41C2CC4B300CA4C47 /* AttachmentTableViewCell.swift in Sources */ = {isa = PBXBuildFile; fileRef = A50DB4B31C2CC4B300CA4C47 /* AttachmentTableViewCell.swift */; };
		A50DB4B61C2CC77C00CA4C47 /* Attachment.swift in Sources */ = {isa = PBXBuildFile; fileRef = A50DB4B51C2CC77C00CA4C47 /* Attachment.swift */; };
		A533501B1C2789B400ACFB47 /* Member.swift in Sources */ = {isa = PBXBuildFile; fileRef = A533501A1C2789B400ACFB47 /* Member.swift */; };
		A535D7AB1C28D583003A897F /* Role.swift in Sources */ = {isa = PBXBuildFile; fileRef = A535D7AA1C28D583003A897F /* Role.swift */; };
		A535D7AD1C28D63D003A897F /* RoleTableViewController.swift in Sources */ = {isa = PBXBuildFile; fileRef = A535D7AC1C28D63D003A897F /* RoleTableViewController.swift */; };
		A535D7AF1C28D6DA003A897F /* RoleTableViewCell.swift in Sources */ = {isa = PBXBuildFile; fileRef = A535D7AE1C28D6DA003A897F /* RoleTableViewCell.swift */; };
		A570BD421C1F7D61000AC71F /* LoginViewController.swift in Sources */ = {isa = PBXBuildFile; fileRef = A570BD401C1F7D61000AC71F /* LoginViewController.swift */; };
		A5938B811C1E8BCE00F878FA /* AppDelegate.swift in Sources */ = {isa = PBXBuildFile; fileRef = A5938B801C1E8BCE00F878FA /* AppDelegate.swift */; };
		A5938B831C1E8BCE00F878FA /* HomeViewController.swift in Sources */ = {isa = PBXBuildFile; fileRef = A5938B821C1E8BCE00F878FA /* HomeViewController.swift */; };
		A5938B851C1E8BCE00F878FA /* ProfileViewController.swift in Sources */ = {isa = PBXBuildFile; fileRef = A5938B841C1E8BCE00F878FA /* ProfileViewController.swift */; };
		A5938B881C1E8BCE00F878FA /* Main.storyboard in Resources */ = {isa = PBXBuildFile; fileRef = A5938B861C1E8BCE00F878FA /* Main.storyboard */; };
		A5938B8A1C1E8BCE00F878FA /* Assets.xcassets in Resources */ = {isa = PBXBuildFile; fileRef = A5938B891C1E8BCE00F878FA /* Assets.xcassets */; };
		A5938B8D1C1E8BCE00F878FA /* LaunchScreen.storyboard in Resources */ = {isa = PBXBuildFile; fileRef = A5938B8B1C1E8BCE00F878FA /* LaunchScreen.storyboard */; };
		A5938B981C1E8BCE00F878FA /* BearTracksIOSTests.swift in Sources */ = {isa = PBXBuildFile; fileRef = A5938B971C1E8BCE00F878FA /* BearTracksIOSTests.swift */; };
		A5FB7CEA1C262DE900A31025 /* MemberTableViewCell.swift in Sources */ = {isa = PBXBuildFile; fileRef = A5FB7CE91C262DE900A31025 /* MemberTableViewCell.swift */; };
		A5FB7CEC1C26326C00A31025 /* MemberTableViewController.swift in Sources */ = {isa = PBXBuildFile; fileRef = A5FB7CEB1C26326C00A31025 /* MemberTableViewController.swift */; };
/* End PBXBuildFile section */

/* Begin PBXContainerItemProxy section */
		A5938B941C1E8BCE00F878FA /* PBXContainerItemProxy */ = {
			isa = PBXContainerItemProxy;
			containerPortal = A5938B751C1E8BCE00F878FA /* Project object */;
			proxyType = 1;
			remoteGlobalIDString = A5938B7C1C1E8BCE00F878FA;
			remoteInfo = BearTracksIOS;
		};
/* End PBXContainerItemProxy section */

/* Begin PBXFileReference section */
		A50DB49D1C2C676C00CA4C47 /* RoleDetailViewController.swift */ = {isa = PBXFileReference; fileEncoding = 4; lastKnownFileType = sourcecode.swift; path = RoleDetailViewController.swift; sourceTree = "<group>"; };
		A50DB49F1C2C85C600CA4C47 /* AccountabilityTableViewController.swift */ = {isa = PBXFileReference; fileEncoding = 4; lastKnownFileType = sourcecode.swift; path = AccountabilityTableViewController.swift; sourceTree = "<group>"; };
		A50DB4A11C2C8CA200CA4C47 /* BasicTableViewCell.swift */ = {isa = PBXFileReference; fileEncoding = 4; lastKnownFileType = sourcecode.swift; path = BasicTableViewCell.swift; sourceTree = "<group>"; };
		A50DB4AB1C2CBA5F00CA4C47 /* AuthorityTableViewCell.swift */ = {isa = PBXFileReference; fileEncoding = 4; lastKnownFileType = sourcecode.swift; path = AuthorityTableViewCell.swift; sourceTree = "<group>"; };
		A50DB4AF1C2CBACE00CA4C47 /* AuthorityTableViewController.swift */ = {isa = PBXFileReference; fileEncoding = 4; lastKnownFileType = sourcecode.swift; path = AuthorityTableViewController.swift; sourceTree = "<group>"; };
		A50DB4B11C2CC49E00CA4C47 /* AttachmentsTableViewController.swift */ = {isa = PBXFileReference; fileEncoding = 4; lastKnownFileType = sourcecode.swift; path = AttachmentsTableViewController.swift; sourceTree = "<group>"; };
		A50DB4B31C2CC4B300CA4C47 /* AttachmentTableViewCell.swift */ = {isa = PBXFileReference; fileEncoding = 4; lastKnownFileType = sourcecode.swift; path = AttachmentTableViewCell.swift; sourceTree = "<group>"; };
		A50DB4B51C2CC77C00CA4C47 /* Attachment.swift */ = {isa = PBXFileReference; fileEncoding = 4; lastKnownFileType = sourcecode.swift; path = Attachment.swift; sourceTree = "<group>"; };
		A533501A1C2789B400ACFB47 /* Member.swift */ = {isa = PBXFileReference; fileEncoding = 4; lastKnownFileType = sourcecode.swift; path = Member.swift; sourceTree = "<group>"; };
		A535D7AA1C28D583003A897F /* Role.swift */ = {isa = PBXFileReference; fileEncoding = 4; lastKnownFileType = sourcecode.swift; path = Role.swift; sourceTree = "<group>"; };
		A535D7AC1C28D63D003A897F /* RoleTableViewController.swift */ = {isa = PBXFileReference; fileEncoding = 4; lastKnownFileType = sourcecode.swift; path = RoleTableViewController.swift; sourceTree = "<group>"; };
		A535D7AE1C28D6DA003A897F /* RoleTableViewCell.swift */ = {isa = PBXFileReference; fileEncoding = 4; lastKnownFileType = sourcecode.swift; path = RoleTableViewCell.swift; sourceTree = "<group>"; };
		A55629331C2374D800421A25 /* BearTracksIOS-Bridging-Header.h */ = {isa = PBXFileReference; fileEncoding = 4; lastKnownFileType = sourcecode.c.h; path = "BearTracksIOS-Bridging-Header.h"; sourceTree = "<group>"; };
		A570BD401C1F7D61000AC71F /* LoginViewController.swift */ = {isa = PBXFileReference; fileEncoding = 4; lastKnownFileType = sourcecode.swift; path = LoginViewController.swift; sourceTree = "<group>"; };
		A5938B7D1C1E8BCE00F878FA /* BearTracks.app */ = {isa = PBXFileReference; explicitFileType = wrapper.application; includeInIndex = 0; path = BearTracks.app; sourceTree = BUILT_PRODUCTS_DIR; };
		A5938B801C1E8BCE00F878FA /* AppDelegate.swift */ = {isa = PBXFileReference; lastKnownFileType = sourcecode.swift; path = AppDelegate.swift; sourceTree = "<group>"; };
		A5938B821C1E8BCE00F878FA /* HomeViewController.swift */ = {isa = PBXFileReference; lastKnownFileType = sourcecode.swift; path = HomeViewController.swift; sourceTree = "<group>"; };
		A5938B841C1E8BCE00F878FA /* ProfileViewController.swift */ = {isa = PBXFileReference; lastKnownFileType = sourcecode.swift; path = ProfileViewController.swift; sourceTree = "<group>"; };
		A5938B871C1E8BCE00F878FA /* Base */ = {isa = PBXFileReference; lastKnownFileType = file.storyboard; name = Base; path = Base.lproj/Main.storyboard; sourceTree = "<group>"; };
		A5938B891C1E8BCE00F878FA /* Assets.xcassets */ = {isa = PBXFileReference; lastKnownFileType = folder.assetcatalog; path = Assets.xcassets; sourceTree = "<group>"; };
		A5938B8C1C1E8BCE00F878FA /* Base */ = {isa = PBXFileReference; lastKnownFileType = file.storyboard; name = Base; path = Base.lproj/LaunchScreen.storyboard; sourceTree = "<group>"; };
		A5938B8E1C1E8BCE00F878FA /* Info.plist */ = {isa = PBXFileReference; lastKnownFileType = text.plist.xml; path = Info.plist; sourceTree = "<group>"; };
		A5938B931C1E8BCE00F878FA /* BearTracks.temp_caseinsensitive_renameIOS.xctest */ = {isa = PBXFileReference; explicitFileType = wrapper.cfbundle; includeInIndex = 0; path = BearTracks.temp_caseinsensitive_renameIOS.xctest; sourceTree = BUILT_PRODUCTS_DIR; };
		A5938B971C1E8BCE00F878FA /* BearTracksIOSTests.swift */ = {isa = PBXFileReference; lastKnownFileType = sourcecode.swift; path = BearTracksIOSTests.swift; sourceTree = "<group>"; };
		A5938B991C1E8BCE00F878FA /* Info.plist */ = {isa = PBXFileReference; lastKnownFileType = text.plist.xml; path = Info.plist; sourceTree = "<group>"; };
		A5FB7CE91C262DE900A31025 /* MemberTableViewCell.swift */ = {isa = PBXFileReference; fileEncoding = 4; lastKnownFileType = sourcecode.swift; path = MemberTableViewCell.swift; sourceTree = "<group>"; };
		A5FB7CEB1C26326C00A31025 /* MemberTableViewController.swift */ = {isa = PBXFileReference; fileEncoding = 4; lastKnownFileType = sourcecode.swift; path = MemberTableViewController.swift; sourceTree = "<group>"; };
		C85E844BE8EAF257CEC59969 /* libPods-BearTracksIOS.a */ = {isa = PBXFileReference; explicitFileType = archive.ar; includeInIndex = 0; path = "libPods-BearTracksIOS.a"; sourceTree = BUILT_PRODUCTS_DIR; };
		D971F13ADEDA2C33AC8AA01C /* Pods-BearTracksIOS.release.xcconfig */ = {isa = PBXFileReference; includeInIndex = 1; lastKnownFileType = text.xcconfig; name = "Pods-BearTracksIOS.release.xcconfig"; path = "Pods/Target Support Files/Pods-BearTracksIOS/Pods-BearTracksIOS.release.xcconfig"; sourceTree = "<group>"; };
		ED63C1767CA4B41D270B0A5F /* Pods-BearTracksIOS.debug.xcconfig */ = {isa = PBXFileReference; includeInIndex = 1; lastKnownFileType = text.xcconfig; name = "Pods-BearTracksIOS.debug.xcconfig"; path = "Pods/Target Support Files/Pods-BearTracksIOS/Pods-BearTracksIOS.debug.xcconfig"; sourceTree = "<group>"; };
/* End PBXFileReference section */

/* Begin PBXFrameworksBuildPhase section */
		A5938B7A1C1E8BCE00F878FA /* Frameworks */ = {
			isa = PBXFrameworksBuildPhase;
			buildActionMask = 2147483647;
			files = (
				34B4FDE7924705282FBC4D8F /* libPods-BearTracksIOS.a in Frameworks */,
			);
			runOnlyForDeploymentPostprocessing = 0;
		};
		A5938B901C1E8BCE00F878FA /* Frameworks */ = {
			isa = PBXFrameworksBuildPhase;
			buildActionMask = 2147483647;
			files = (
			);
			runOnlyForDeploymentPostprocessing = 0;
		};
/* End PBXFrameworksBuildPhase section */

/* Begin PBXGroup section */
		8DE7C3FCBB839478D263EA8E /* Pods */ = {
			isa = PBXGroup;
			children = (
				ED63C1767CA4B41D270B0A5F /* Pods-BearTracksIOS.debug.xcconfig */,
				D971F13ADEDA2C33AC8AA01C /* Pods-BearTracksIOS.release.xcconfig */,
			);
			name = Pods;
			sourceTree = "<group>";
		};
		A5938B741C1E8BCE00F878FA = {
			isa = PBXGroup;
			children = (
				A5938B7F1C1E8BCE00F878FA /* BearTracksIOS */,
				A5938B7E1C1E8BCE00F878FA /* Products */,
				B5C347CD1FE1B3AF7F28D65D /* Frameworks */,
				8DE7C3FCBB839478D263EA8E /* Pods */,
			);
			sourceTree = "<group>";
		};
		A5938B7E1C1E8BCE00F878FA /* Products */ = {
			isa = PBXGroup;
			children = (
				A5938B7D1C1E8BCE00F878FA /* BearTracks.app */,
				A5938B931C1E8BCE00F878FA /* BearTracks.temp_caseinsensitive_renameIOS.xctest */,
			);
			name = Products;
			sourceTree = "<group>";
		};
		A5938B7F1C1E8BCE00F878FA /* BearTracksIOS */ = {
			isa = PBXGroup;
			children = (
				A55629331C2374D800421A25 /* BearTracksIOS-Bridging-Header.h */,
				A570BD401C1F7D61000AC71F /* LoginViewController.swift */,
				A5938B801C1E8BCE00F878FA /* AppDelegate.swift */,
				A5938B821C1E8BCE00F878FA /* HomeViewController.swift */,
				A5938B841C1E8BCE00F878FA /* ProfileViewController.swift */,
				A5938B861C1E8BCE00F878FA /* Main.storyboard */,
				A533501A1C2789B400ACFB47 /* Member.swift */,
				A535D7AA1C28D583003A897F /* Role.swift */,
				A50DB4B51C2CC77C00CA4C47 /* Attachment.swift */,
				A5FB7CE91C262DE900A31025 /* MemberTableViewCell.swift */,
				A535D7AE1C28D6DA003A897F /* RoleTableViewCell.swift */,
				A5FB7CEB1C26326C00A31025 /* MemberTableViewController.swift */,
				A535D7AC1C28D63D003A897F /* RoleTableViewController.swift */,
				A50DB49D1C2C676C00CA4C47 /* RoleDetailViewController.swift */,
				A50DB49F1C2C85C600CA4C47 /* AccountabilityTableViewController.swift */,
				A50DB4AF1C2CBACE00CA4C47 /* AuthorityTableViewController.swift */,
				A50DB4B11C2CC49E00CA4C47 /* AttachmentsTableViewController.swift */,
				A50DB4A11C2C8CA200CA4C47 /* BasicTableViewCell.swift */,
				A50DB4AB1C2CBA5F00CA4C47 /* AuthorityTableViewCell.swift */,
				A50DB4B31C2CC4B300CA4C47 /* AttachmentTableViewCell.swift */,
				A5938B961C1E8BCE00F878FA /* BearTracksIOSTests */,
				A5938B891C1E8BCE00F878FA /* Assets.xcassets */,
				A5938B8B1C1E8BCE00F878FA /* LaunchScreen.storyboard */,
				A5938B8E1C1E8BCE00F878FA /* Info.plist */,
			);
			path = BearTracksIOS;
			sourceTree = "<group>";
		};
		A5938B961C1E8BCE00F878FA /* BearTracksIOSTests */ = {
			isa = PBXGroup;
			children = (
				A5938B971C1E8BCE00F878FA /* BearTracksIOSTests.swift */,
				A5938B991C1E8BCE00F878FA /* Info.plist */,
			);
			path = BearTracksIOSTests;
			sourceTree = SOURCE_ROOT;
		};
		B5C347CD1FE1B3AF7F28D65D /* Frameworks */ = {
			isa = PBXGroup;
			children = (
				C85E844BE8EAF257CEC59969 /* libPods-BearTracksIOS.a */,
			);
			name = Frameworks;
			sourceTree = "<group>";
		};
/* End PBXGroup section */

/* Begin PBXNativeTarget section */
		A5938B7C1C1E8BCE00F878FA /* BearTracksIOS */ = {
			isa = PBXNativeTarget;
			buildConfigurationList = A5938B9C1C1E8BCE00F878FA /* Build configuration list for PBXNativeTarget "BearTracksIOS" */;
			buildPhases = (
				AB80A024E6BC693111DA5008 /* Check Pods Manifest.lock */,
				A5938B791C1E8BCE00F878FA /* Sources */,
				A5938B7A1C1E8BCE00F878FA /* Frameworks */,
				A5938B7B1C1E8BCE00F878FA /* Resources */,
				52234FFF072E4966DD1CE82D /* Embed Pods Frameworks */,
				2994BA9D28CE46B18D7A3927 /* Copy Pods Resources */,
			);
			buildRules = (
			);
			dependencies = (
			);
			name = BearTracksIOS;
			productName = BearTracksIOS;
			productReference = A5938B7D1C1E8BCE00F878FA /* BearTracks.app */;
			productType = "com.apple.product-type.application";
		};
		A5938B921C1E8BCE00F878FA /* BearTracksIOSTests */ = {
			isa = PBXNativeTarget;
			buildConfigurationList = A5938B9F1C1E8BCE00F878FA /* Build configuration list for PBXNativeTarget "BearTracksIOSTests" */;
			buildPhases = (
				A5938B8F1C1E8BCE00F878FA /* Sources */,
				A5938B901C1E8BCE00F878FA /* Frameworks */,
				A5938B911C1E8BCE00F878FA /* Resources */,
			);
			buildRules = (
			);
			dependencies = (
				A5938B951C1E8BCE00F878FA /* PBXTargetDependency */,
			);
			name = BearTracksIOSTests;
			productName = BearTracksIOSTests;
			productReference = A5938B931C1E8BCE00F878FA /* BearTracks.temp_caseinsensitive_renameIOS.xctest */;
			productType = "com.apple.product-type.bundle.unit-test";
		};
/* End PBXNativeTarget section */

/* Begin PBXProject section */
		A5938B751C1E8BCE00F878FA /* Project object */ = {
			isa = PBXProject;
			attributes = {
				LastSwiftUpdateCheck = 0720;
				LastUpgradeCheck = 0720;
				ORGANIZATIONNAME = Team766;
				TargetAttributes = {
					A5938B7C1C1E8BCE00F878FA = {
						CreatedOnToolsVersion = 7.2;
						DevelopmentTeam = 4389KU2L8Z;
					};
					A5938B921C1E8BCE00F878FA = {
						CreatedOnToolsVersion = 7.2;
						DevelopmentTeam = 4389KU2L8Z;
						TestTargetID = A5938B7C1C1E8BCE00F878FA;
					};
				};
			};
			buildConfigurationList = A5938B781C1E8BCE00F878FA /* Build configuration list for PBXProject "BearTracks" */;
			compatibilityVersion = "Xcode 3.2";
			developmentRegion = English;
			hasScannedForEncodings = 0;
			knownRegions = (
				en,
				Base,
			);
			mainGroup = A5938B741C1E8BCE00F878FA;
			productRefGroup = A5938B7E1C1E8BCE00F878FA /* Products */;
			projectDirPath = "";
			projectRoot = "";
			targets = (
				A5938B7C1C1E8BCE00F878FA /* BearTracksIOS */,
				A5938B921C1E8BCE00F878FA /* BearTracksIOSTests */,
			);
		};
/* End PBXProject section */

/* Begin PBXResourcesBuildPhase section */
		A5938B7B1C1E8BCE00F878FA /* Resources */ = {
			isa = PBXResourcesBuildPhase;
			buildActionMask = 2147483647;
			files = (
				A5938B8D1C1E8BCE00F878FA /* LaunchScreen.storyboard in Resources */,
				A5938B8A1C1E8BCE00F878FA /* Assets.xcassets in Resources */,
				A5938B881C1E8BCE00F878FA /* Main.storyboard in Resources */,
			);
			runOnlyForDeploymentPostprocessing = 0;
		};
		A5938B911C1E8BCE00F878FA /* Resources */ = {
			isa = PBXResourcesBuildPhase;
			buildActionMask = 2147483647;
			files = (
			);
			runOnlyForDeploymentPostprocessing = 0;
		};
/* End PBXResourcesBuildPhase section */

/* Begin PBXShellScriptBuildPhase section */
		2994BA9D28CE46B18D7A3927 /* Copy Pods Resources */ = {
			isa = PBXShellScriptBuildPhase;
			buildActionMask = 2147483647;
			files = (
			);
			inputPaths = (
			);
			name = "Copy Pods Resources";
			outputPaths = (
			);
			runOnlyForDeploymentPostprocessing = 0;
			shellPath = /bin/sh;
			shellScript = "\"${SRCROOT}/Pods/Target Support Files/Pods-BearTracksIOS/Pods-BearTracksIOS-resources.sh\"\n";
			showEnvVarsInLog = 0;
		};
		52234FFF072E4966DD1CE82D /* Embed Pods Frameworks */ = {
			isa = PBXShellScriptBuildPhase;
			buildActionMask = 2147483647;
			files = (
			);
			inputPaths = (
			);
			name = "Embed Pods Frameworks";
			outputPaths = (
			);
			runOnlyForDeploymentPostprocessing = 0;
			shellPath = /bin/sh;
			shellScript = "\"${SRCROOT}/Pods/Target Support Files/Pods-BearTracksIOS/Pods-BearTracksIOS-frameworks.sh\"\n";
			showEnvVarsInLog = 0;
		};
		AB80A024E6BC693111DA5008 /* Check Pods Manifest.lock */ = {
			isa = PBXShellScriptBuildPhase;
			buildActionMask = 2147483647;
			files = (
			);
			inputPaths = (
			);
			name = "Check Pods Manifest.lock";
			outputPaths = (
			);
			runOnlyForDeploymentPostprocessing = 0;
			shellPath = /bin/sh;
			shellScript = "diff \"${PODS_ROOT}/../Podfile.lock\" \"${PODS_ROOT}/Manifest.lock\" > /dev/null\nif [[ $? != 0 ]] ; then\n    cat << EOM\nerror: The sandbox is not in sync with the Podfile.lock. Run 'pod install' or update your CocoaPods installation.\nEOM\n    exit 1\nfi\n";
			showEnvVarsInLog = 0;
		};
/* End PBXShellScriptBuildPhase section */

/* Begin PBXSourcesBuildPhase section */
		A5938B791C1E8BCE00F878FA /* Sources */ = {
			isa = PBXSourcesBuildPhase;
			buildActionMask = 2147483647;
			files = (
				A50DB49E1C2C676C00CA4C47 /* RoleDetailViewController.swift in Sources */,
				A5FB7CEA1C262DE900A31025 /* MemberTableViewCell.swift in Sources */,
				A50DB4B21C2CC49E00CA4C47 /* AttachmentsTableViewController.swift in Sources */,
				A570BD421C1F7D61000AC71F /* LoginViewController.swift in Sources */,
				A5938B851C1E8BCE00F878FA /* ProfileViewController.swift in Sources */,
				A50DB4A01C2C85C600CA4C47 /* AccountabilityTableViewController.swift in Sources */,
				A50DB4B01C2CBACE00CA4C47 /* AuthorityTableViewController.swift in Sources */,
				A50DB4AC1C2CBA5F00CA4C47 /* AuthorityTableViewCell.swift in Sources */,
				A535D7AF1C28D6DA003A897F /* RoleTableViewCell.swift in Sources */,
				A50DB4A21C2C8CA200CA4C47 /* BasicTableViewCell.swift in Sources */,
				A50DB4B61C2CC77C00CA4C47 /* Attachment.swift in Sources */,
				A5FB7CEC1C26326C00A31025 /* MemberTableViewController.swift in Sources */,
				A5938B811C1E8BCE00F878FA /* AppDelegate.swift in Sources */,
				A50DB4B41C2CC4B300CA4C47 /* AttachmentTableViewCell.swift in Sources */,
				A533501B1C2789B400ACFB47 /* Member.swift in Sources */,
				A5938B831C1E8BCE00F878FA /* HomeViewController.swift in Sources */,
				A535D7AD1C28D63D003A897F /* RoleTableViewController.swift in Sources */,
				A535D7AB1C28D583003A897F /* Role.swift in Sources */,
			);
			runOnlyForDeploymentPostprocessing = 0;
		};
		A5938B8F1C1E8BCE00F878FA /* Sources */ = {
			isa = PBXSourcesBuildPhase;
			buildActionMask = 2147483647;
			files = (
				A5938B981C1E8BCE00F878FA /* BearTracksIOSTests.swift in Sources */,
			);
			runOnlyForDeploymentPostprocessing = 0;
		};
/* End PBXSourcesBuildPhase section */

/* Begin PBXTargetDependency section */
		A5938B951C1E8BCE00F878FA /* PBXTargetDependency */ = {
			isa = PBXTargetDependency;
			target = A5938B7C1C1E8BCE00F878FA /* BearTracksIOS */;
			targetProxy = A5938B941C1E8BCE00F878FA /* PBXContainerItemProxy */;
		};
/* End PBXTargetDependency section */

/* Begin PBXVariantGroup section */
		A5938B861C1E8BCE00F878FA /* Main.storyboard */ = {
			isa = PBXVariantGroup;
			children = (
				A5938B871C1E8BCE00F878FA /* Base */,
			);
			name = Main.storyboard;
			sourceTree = "<group>";
		};
		A5938B8B1C1E8BCE00F878FA /* LaunchScreen.storyboard */ = {
			isa = PBXVariantGroup;
			children = (
				A5938B8C1C1E8BCE00F878FA /* Base */,
			);
			name = LaunchScreen.storyboard;
			sourceTree = "<group>";
		};
/* End PBXVariantGroup section */

/* Begin XCBuildConfiguration section */
		A5938B9A1C1E8BCE00F878FA /* Debug */ = {
			isa = XCBuildConfiguration;
			buildSettings = {
				ALWAYS_SEARCH_USER_PATHS = NO;
				CLANG_CXX_LANGUAGE_STANDARD = "gnu++0x";
				CLANG_CXX_LIBRARY = "libc++";
				CLANG_ENABLE_MODULES = YES;
				CLANG_ENABLE_OBJC_ARC = YES;
				CLANG_WARN_BOOL_CONVERSION = YES;
				CLANG_WARN_CONSTANT_CONVERSION = YES;
				CLANG_WARN_DIRECT_OBJC_ISA_USAGE = YES_ERROR;
				CLANG_WARN_EMPTY_BODY = YES;
				CLANG_WARN_ENUM_CONVERSION = YES;
				CLANG_WARN_INT_CONVERSION = YES;
				CLANG_WARN_OBJC_ROOT_CLASS = YES_ERROR;
				CLANG_WARN_UNREACHABLE_CODE = YES;
				CLANG_WARN__DUPLICATE_METHOD_MATCH = YES;
				"CODE_SIGN_IDENTITY[sdk=iphoneos*]" = "iPhone Developer";
				COPY_PHASE_STRIP = NO;
				DEBUG_INFORMATION_FORMAT = dwarf;
				ENABLE_STRICT_OBJC_MSGSEND = YES;
				ENABLE_TESTABILITY = YES;
				GCC_C_LANGUAGE_STANDARD = gnu99;
				GCC_DYNAMIC_NO_PIC = NO;
				GCC_NO_COMMON_BLOCKS = YES;
				GCC_OPTIMIZATION_LEVEL = 0;
				GCC_PREPROCESSOR_DEFINITIONS = (
					"DEBUG=1",
					"$(inherited)",
				);
				GCC_WARN_64_TO_32_BIT_CONVERSION = YES;
				GCC_WARN_ABOUT_RETURN_TYPE = YES_ERROR;
				GCC_WARN_UNDECLARED_SELECTOR = YES;
				GCC_WARN_UNINITIALIZED_AUTOS = YES_AGGRESSIVE;
				GCC_WARN_UNUSED_FUNCTION = YES;
				GCC_WARN_UNUSED_VARIABLE = YES;
				IPHONEOS_DEPLOYMENT_TARGET = 9.2;
				MTL_ENABLE_DEBUG_INFO = YES;
				ONLY_ACTIVE_ARCH = YES;
				SDKROOT = iphoneos;
				SWIFT_OPTIMIZATION_LEVEL = "-Onone";
			};
			name = Debug;
		};
		A5938B9B1C1E8BCE00F878FA /* Release */ = {
			isa = XCBuildConfiguration;
			buildSettings = {
				ALWAYS_SEARCH_USER_PATHS = NO;
				CLANG_CXX_LANGUAGE_STANDARD = "gnu++0x";
				CLANG_CXX_LIBRARY = "libc++";
				CLANG_ENABLE_MODULES = YES;
				CLANG_ENABLE_OBJC_ARC = YES;
				CLANG_WARN_BOOL_CONVERSION = YES;
				CLANG_WARN_CONSTANT_CONVERSION = YES;
				CLANG_WARN_DIRECT_OBJC_ISA_USAGE = YES_ERROR;
				CLANG_WARN_EMPTY_BODY = YES;
				CLANG_WARN_ENUM_CONVERSION = YES;
				CLANG_WARN_INT_CONVERSION = YES;
				CLANG_WARN_OBJC_ROOT_CLASS = YES_ERROR;
				CLANG_WARN_UNREACHABLE_CODE = YES;
				CLANG_WARN__DUPLICATE_METHOD_MATCH = YES;
				"CODE_SIGN_IDENTITY[sdk=iphoneos*]" = "iPhone Developer";
				COPY_PHASE_STRIP = NO;
				DEBUG_INFORMATION_FORMAT = "dwarf-with-dsym";
				ENABLE_NS_ASSERTIONS = NO;
				ENABLE_STRICT_OBJC_MSGSEND = YES;
				GCC_C_LANGUAGE_STANDARD = gnu99;
				GCC_NO_COMMON_BLOCKS = YES;
				GCC_WARN_64_TO_32_BIT_CONVERSION = YES;
				GCC_WARN_ABOUT_RETURN_TYPE = YES_ERROR;
				GCC_WARN_UNDECLARED_SELECTOR = YES;
				GCC_WARN_UNINITIALIZED_AUTOS = YES_AGGRESSIVE;
				GCC_WARN_UNUSED_FUNCTION = YES;
				GCC_WARN_UNUSED_VARIABLE = YES;
				IPHONEOS_DEPLOYMENT_TARGET = 9.2;
				MTL_ENABLE_DEBUG_INFO = NO;
				SDKROOT = iphoneos;
				VALIDATE_PRODUCT = YES;
			};
			name = Release;
		};
		A5938B9D1C1E8BCE00F878FA /* Debug */ = {
			isa = XCBuildConfiguration;
			baseConfigurationReference = ED63C1767CA4B41D270B0A5F /* Pods-BearTracksIOS.debug.xcconfig */;
			buildSettings = {
				ASSETCATALOG_COMPILER_APPICON_NAME = AppIcon;
				DEFINES_MODULE = YES;
				INFOPLIST_FILE = BearTracksIOS/Info.plist;
				IPHONEOS_DEPLOYMENT_TARGET = 9.2;
				LD_RUNPATH_SEARCH_PATHS = "$(inherited) @executable_path/Frameworks";
				PRODUCT_BUNDLE_IDENTIFIER = team766.BearTracksIOS;
				PRODUCT_NAME = BearTracks;
				SWIFT_OBJC_BRIDGING_HEADER = "./BearTracksIOS/BearTracksIOS-Bridging-Header.h";
				"SWIFT_OBJC_BRIDGING_HEADER[arch=*]" = "./BearTracksIOS/BearTracksIOS-Bridging-Header.h";
			};
			name = Debug;
		};
		A5938B9E1C1E8BCE00F878FA /* Release */ = {
			isa = XCBuildConfiguration;
			baseConfigurationReference = D971F13ADEDA2C33AC8AA01C /* Pods-BearTracksIOS.release.xcconfig */;
			buildSettings = {
				ASSETCATALOG_COMPILER_APPICON_NAME = AppIcon;
				DEFINES_MODULE = YES;
				INFOPLIST_FILE = BearTracksIOS/Info.plist;
				IPHONEOS_DEPLOYMENT_TARGET = 9.2;
				LD_RUNPATH_SEARCH_PATHS = "$(inherited) @executable_path/Frameworks";
				PRODUCT_BUNDLE_IDENTIFIER = team766.BearTracksIOS;
				PRODUCT_NAME = BearTracks;
				SWIFT_OBJC_BRIDGING_HEADER = "./BearTracksIOS/BearTracksIOS-Bridging-Header.h";
			};
			name = Release;
		};
		A5938BA01C1E8BCE00F878FA /* Debug */ = {
			isa = XCBuildConfiguration;
			buildSettings = {
				BUNDLE_LOADER = "$(TEST_HOST)";
				INFOPLIST_FILE = BearTracksIOSTests/Info.plist;
				LD_RUNPATH_SEARCH_PATHS = "$(inherited) @executable_path/Frameworks @loader_path/Frameworks";
				PRODUCT_BUNDLE_IDENTIFIER = team766.BearTracksIOSTests;
				PRODUCT_NAME = BearTracks.temp_caseinsensitive_renameIOS;
				TEST_HOST = "$(BUILT_PRODUCTS_DIR)/BearTracks.temp_caseinsensitive_renameIOS.app/BearTracks.temp_caseinsensitive_renameIOS";
			};
			name = Debug;
		};
		A5938BA11C1E8BCE00F878FA /* Release */ = {
			isa = XCBuildConfiguration;
			buildSettings = {
				BUNDLE_LOADER = "$(TEST_HOST)";
				INFOPLIST_FILE = BearTracksIOSTests/Info.plist;
				LD_RUNPATH_SEARCH_PATHS = "$(inherited) @executable_path/Frameworks @loader_path/Frameworks";
				PRODUCT_BUNDLE_IDENTIFIER = team766.BearTracksIOSTests;
				PRODUCT_NAME = BearTracks.temp_caseinsensitive_renameIOS;
				TEST_HOST = "$(BUILT_PRODUCTS_DIR)/BearTracks.temp_caseinsensitive_renameIOS.app/BearTracks.temp_caseinsensitive_renameIOS";
			};
			name = Release;
		};
/* End XCBuildConfiguration section */

/* Begin XCConfigurationList section */
		A5938B781C1E8BCE00F878FA /* Build configuration list for PBXProject "BearTracks" */ = {
			isa = XCConfigurationList;
			buildConfigurations = (
				A5938B9A1C1E8BCE00F878FA /* Debug */,
				A5938B9B1C1E8BCE00F878FA /* Release */,
			);
			defaultConfigurationIsVisible = 0;
			defaultConfigurationName = Release;
		};
		A5938B9C1C1E8BCE00F878FA /* Build configuration list for PBXNativeTarget "BearTracksIOS" */ = {
			isa = XCConfigurationList;
			buildConfigurations = (
				A5938B9D1C1E8BCE00F878FA /* Debug */,
				A5938B9E1C1E8BCE00F878FA /* Release */,
			);
			defaultConfigurationIsVisible = 0;
			defaultConfigurationName = Release;
		};
		A5938B9F1C1E8BCE00F878FA /* Build configuration list for PBXNativeTarget "BearTracksIOSTests" */ = {
			isa = XCConfigurationList;
			buildConfigurations = (
				A5938BA01C1E8BCE00F878FA /* Debug */,
				A5938BA11C1E8BCE00F878FA /* Release */,
			);
			defaultConfigurationIsVisible = 0;
			defaultConfigurationName = Release;
		};
/* End XCConfigurationList section */
	};
	rootObject = A5938B751C1E8BCE00F878FA /* Project object */;
}
